<Solution>
  <Project Path="ConsoleRolePlayingGame.Domain/ConsoleRolePlayingGame.Domain.csproj" />
  <Project Path="ConsoleRolePlayingGame.Overworld.Tests/ConsoleRolePlayingGame.Overworld.Tests.csproj" />
  <Project Path="ConsoleRolePlayingGame.Overworld/ConsoleRolePlayingGame.Overworld.csproj" />
  <Project Path="ConsoleRolePlayingGame.CombatSystem.Tests/ConsoleRolePlayingGame.CombatSystem.Tests.csproj" />
  <Project Path="ConsoleRolePlayingGame.CombatSystem/ConsoleRolePlayingGame.CombatSystem.csproj" />
  <Project Path="ConsoleRolePlayingGame.ConsoleApp/ConsoleRolePlayingGame.ConsoleApp.csproj" />
</Solution>
